
Microsoft Visual Studio Solution File, Format Version 12.00
# Visual Studio 15
VisualStudioVersion = 15.0.27004.2009
MinimumVisualStudioVersion = 10.0.40219.1
Project("{FAE04EC0-301F-11D3-BF4B-00C04F79EFBC}") = "GestiunePacienti", "GestiunePacienti\GestiunePacienti.csproj", "{E7FA3287-06AA-4CAF-9A4E-224F2B917373}"
EndProject
Global
	GlobalSection(SolutionConfigurationPlatforms) = preSolution
		Debug|Any CPU = Debug|Any CPU
		Release|Any CPU = Release|Any CPU
	EndGlobalSection
	GlobalSection(ProjectConfigurationPlatforms) = postSolution
		{E7FA3287-06AA-4CAF-9A4E-224F2B917373}.Debug|Any CPU.ActiveCfg = Debug|Any CPU
		{E7FA3287-06AA-4CAF-9A4E-224F2B917373}.Debug|Any CPU.Build.0 = Debug|Any CPU
		{E7FA3287-06AA-4CAF-9A4E-224F2B917373}.Release|Any CPU.ActiveCfg = Release|Any CPU
		{E7FA3287-06AA-4CAF-9A4E-224F2B917373}.Release|Any CPU.Build.0 = Release|Any CPU
	EndGlobalSection
	GlobalSection(SolutionProperties) = preSolution
		HideSolutionNode = FALSE
	EndGlobalSection
	GlobalSection(ExtensibilityGlobals) = postSolution
		SolutionGuid = {E0A2B77C-0187-4343-9565-BC329E4EF92B}
	EndGlobalSection
EndGlobal
